
Microsoft Visual Studio Solution File, Format Version 12.00
# Visual Studio Version 16
VisualStudioVersion = 16.0.30804.86
MinimumVisualStudioVersion = 10.0.40219.1
Project("{9A19103F-16F7-4668-BE54-9A1E7A4F7556}") = "LibraryCardAPI", "LibraryCardAPI\LibraryCardAPI.csproj", "{7EB4D12B-0091-45A3-AEAA-BEA66AA834D8}"
EndProject
Project("{FAE04EC0-301F-11D3-BF4B-00C04F79EFBC}") = "LibraryCardAPITest", "LibraryCardAPITest\LibraryCardAPITest.csproj", "{A4C9397C-6A04-448D-8995-0CB6E2FB958C}"
EndProject
Global
	GlobalSection(SolutionConfigurationPlatforms) = preSolution
		Debug|Any CPU = Debug|Any CPU
		Release|Any CPU = Release|Any CPU
	EndGlobalSection
	GlobalSection(ProjectConfigurationPlatforms) = postSolution
		{7EB4D12B-0091-45A3-AEAA-BEA66AA834D8}.Debug|Any CPU.ActiveCfg = Debug|Any CPU
		{7EB4D12B-0091-45A3-AEAA-BEA66AA834D8}.Debug|Any CPU.Build.0 = Debug|Any CPU
		{7EB4D12B-0091-45A3-AEAA-BEA66AA834D8}.Release|Any CPU.ActiveCfg = Release|Any CPU
		{7EB4D12B-0091-45A3-AEAA-BEA66AA834D8}.Release|Any CPU.Build.0 = Release|Any CPU
		{A4C9397C-6A04-448D-8995-0CB6E2FB958C}.Debug|Any CPU.ActiveCfg = Debug|Any CPU
		{A4C9397C-6A04-448D-8995-0CB6E2FB958C}.Debug|Any CPU.Build.0 = Debug|Any CPU
		{A4C9397C-6A04-448D-8995-0CB6E2FB958C}.Release|Any CPU.ActiveCfg = Release|Any CPU
		{A4C9397C-6A04-448D-8995-0CB6E2FB958C}.Release|Any CPU.Build.0 = Release|Any CPU
	EndGlobalSection
	GlobalSection(SolutionProperties) = preSolution
		HideSolutionNode = FALSE
	EndGlobalSection
	GlobalSection(ExtensibilityGlobals) = postSolution
		SolutionGuid = {3BD048A3-0358-46AD-B592-39D823FE7140}
	EndGlobalSection
EndGlobal
